
Microsoft Visual Studio Solution File, Format Version 12.00
# Visual Studio 15
VisualStudioVersion = 15.0.27004.2009
MinimumVisualStudioVersion = 10.0.40219.1
Project("{D954291E-2A0B-460D-934E-DC6B0785DB48}") = "ecommerce_app", "ecommerce-app\ecommerce_app\ecommerce_app.shproj", "{23EC8748-F94D-45D8-82FB-BB1E4ED69FC7}"
EndProject
Project("{FAE04EC0-301F-11D3-BF4B-00C04F79EFBC}") = "ecommerce_app.Android", "ecommerce-app\ecommerce_app.Android\ecommerce_app.Android.csproj", "{8F1DDA6E-62EE-4E40-AE41-4C46FFC286A6}"
EndProject
Project("{FAE04EC0-301F-11D3-BF4B-00C04F79EFBC}") = "ecommerce_app.iOS", "ecommerce-app\ecommerce_app.iOS\ecommerce_app.iOS.csproj", "{45766497-5FE0-4725-9A17-2AE9A8CAC917}"
EndProject
Project("{FAE04EC0-301F-11D3-BF4B-00C04F79EFBC}") = "ecommerce_app.UWP", "ecommerce-app\ecommerce_app.UWP\ecommerce_app.UWP.csproj", "{E2830D97-9EF9-43A2-A4ED-288D8FC147B8}"
EndProject
Global
	GlobalSection(SharedMSBuildProjectFiles) = preSolution
		ecommerce-app\ecommerce_app\ecommerce_app.projitems*{23ec8748-f94d-45d8-82fb-bb1e4ed69fc7}*SharedItemsImports = 13
		ecommerce-app\ecommerce_app\ecommerce_app.projitems*{45766497-5fe0-4725-9a17-2ae9a8cac917}*SharedItemsImports = 4
		ecommerce-app\ecommerce_app\ecommerce_app.projitems*{8f1dda6e-62ee-4e40-ae41-4c46ffc286a6}*SharedItemsImports = 4
	EndGlobalSection
	GlobalSection(SolutionConfigurationPlatforms) = preSolution
		Ad-Hoc|Any CPU = Ad-Hoc|Any CPU
		Ad-Hoc|ARM = Ad-Hoc|ARM
		Ad-Hoc|iPhone = Ad-Hoc|iPhone
		Ad-Hoc|iPhoneSimulator = Ad-Hoc|iPhoneSimulator
		Ad-Hoc|x64 = Ad-Hoc|x64
		Ad-Hoc|x86 = Ad-Hoc|x86
		AppStore|Any CPU = AppStore|Any CPU
		AppStore|ARM = AppStore|ARM
		AppStore|iPhone = AppStore|iPhone
		AppStore|iPhoneSimulator = AppStore|iPhoneSimulator
		AppStore|x64 = AppStore|x64
		AppStore|x86 = AppStore|x86
		Debug|Any CPU = Debug|Any CPU
		Debug|ARM = Debug|ARM
		Debug|iPhone = Debug|iPhone
		Debug|iPhoneSimulator = Debug|iPhoneSimulator
		Debug|x64 = Debug|x64
		Debug|x86 = Debug|x86
		Release|Any CPU = Release|Any CPU
		Release|ARM = Release|ARM
		Release|iPhone = Release|iPhone
		Release|iPhoneSimulator = Release|iPhoneSimulator
		Release|x64 = Release|x64
		Release|x86 = Release|x86
	EndGlobalSection
	GlobalSection(ProjectConfigurationPlatforms) = postSolution
		{8F1DDA6E-62EE-4E40-AE41-4C46FFC286A6}.Ad-Hoc|Any CPU.ActiveCfg = Release|Any CPU
		{8F1DDA6E-62EE-4E40-AE41-4C46FFC286A6}.Ad-Hoc|Any CPU.Build.0 = Release|Any CPU
		{8F1DDA6E-62EE-4E40-AE41-4C46FFC286A6}.Ad-Hoc|Any CPU.Deploy.0 = Release|Any CPU
		{8F1DDA6E-62EE-4E40-AE41-4C46FFC286A6}.Ad-Hoc|ARM.ActiveCfg = Release|Any CPU
		{8F1DDA6E-62EE-4E40-AE41-4C46FFC286A6}.Ad-Hoc|ARM.Build.0 = Release|Any CPU
		{8F1DDA6E-62EE-4E40-AE41-4C46FFC286A6}.Ad-Hoc|ARM.Deploy.0 = Release|Any CPU
		{8F1DDA6E-62EE-4E40-AE41-4C46FFC286A6}.Ad-Hoc|iPhone.ActiveCfg = Release|Any CPU
		{8F1DDA6E-62EE-4E40-AE41-4C46FFC286A6}.Ad-Hoc|iPhone.Build.0 = Release|Any CPU
		{8F1DDA6E-62EE-4E40-AE41-4C46FFC286A6}.Ad-Hoc|iPhone.Deploy.0 = Release|Any CPU
		{8F1DDA6E-62EE-4E40-AE41-4C46FFC286A6}.Ad-Hoc|iPhoneSimulator.ActiveCfg = Release|Any CPU
		{8F1DDA6E-62EE-4E40-AE41-4C46FFC286A6}.Ad-Hoc|iPhoneSimulator.Build.0 = Release|Any CPU
		{8F1DDA6E-62EE-4E40-AE41-4C46FFC286A6}.Ad-Hoc|iPhoneSimulator.Deploy.0 = Release|Any CPU
		{8F1DDA6E-62EE-4E40-AE41-4C46FFC286A6}.Ad-Hoc|x64.ActiveCfg = Release|Any CPU
		{8F1DDA6E-62EE-4E40-AE41-4C46FFC286A6}.Ad-Hoc|x64.Build.0 = Release|Any CPU
		{8F1DDA6E-62EE-4E40-AE41-4C46FFC286A6}.Ad-Hoc|x64.Deploy.0 = Release|Any CPU
		{8F1DDA6E-62EE-4E40-AE41-4C46FFC286A6}.Ad-Hoc|x86.ActiveCfg = Release|Any CPU
		{8F1DDA6E-62EE-4E40-AE41-4C46FFC286A6}.Ad-Hoc|x86.Build.0 = Release|Any CPU
		{8F1DDA6E-62EE-4E40-AE41-4C46FFC286A6}.Ad-Hoc|x86.Deploy.0 = Release|Any CPU
		{8F1DDA6E-62EE-4E40-AE41-4C46FFC286A6}.AppStore|Any CPU.ActiveCfg = Release|Any CPU
		{8F1DDA6E-62EE-4E40-AE41-4C46FFC286A6}.AppStore|Any CPU.Build.0 = Release|Any CPU
		{8F1DDA6E-62EE-4E40-AE41-4C46FFC286A6}.AppStore|Any CPU.Deploy.0 = Release|Any CPU
		{8F1DDA6E-62EE-4E40-AE41-4C46FFC286A6}.AppStore|ARM.ActiveCfg = Release|Any CPU
		{8F1DDA6E-62EE-4E40-AE41-4C46FFC286A6}.AppStore|ARM.Build.0 = Release|Any CPU
		{8F1DDA6E-62EE-4E40-AE41-4C46FFC286A6}.AppStore|ARM.Deploy.0 = Release|Any CPU
		{8F1DDA6E-62EE-4E40-AE41-4C46FFC286A6}.AppStore|iPhone.ActiveCfg = Release|Any CPU
		{8F1DDA6E-62EE-4E40-AE41-4C46FFC286A6}.AppStore|iPhone.Build.0 = Release|Any CPU
		{8F1DDA6E-62EE-4E40-AE41-4C46FFC286A6}.AppStore|iPhone.Deploy.0 = Release|Any CPU
		{8F1DDA6E-62EE-4E40-AE41-4C46FFC286A6}.AppStore|iPhoneSimulator.ActiveCfg = Release|Any CPU
		{8F1DDA6E-62EE-4E40-AE41-4C46FFC286A6}.AppStore|iPhoneSimulator.Build.0 = Release|Any CPU
		{8F1DDA6E-62EE-4E40-AE41-4C46FFC286A6}.AppStore|iPhoneSimulator.Deploy.0 = Release|Any CPU
		{8F1DDA6E-62EE-4E40-AE41-4C46FFC286A6}.AppStore|x64.ActiveCfg = Release|Any CPU
		{8F1DDA6E-62EE-4E40-AE41-4C46FFC286A6}.AppStore|x64.Build.0 = Release|Any CPU
		{8F1DDA6E-62EE-4E40-AE41-4C46FFC286A6}.AppStore|x64.Deploy.0 = Release|Any CPU
		{8F1DDA6E-62EE-4E40-AE41-4C46FFC286A6}.AppStore|x86.ActiveCfg = Release|Any CPU
		{8F1DDA6E-62EE-4E40-AE41-4C46FFC286A6}.AppStore|x86.Build.0 = Release|Any CPU
		{8F1DDA6E-62EE-4E40-AE41-4C46FFC286A6}.AppStore|x86.Deploy.0 = Release|Any CPU
		{8F1DDA6E-62EE-4E40-AE41-4C46FFC286A6}.Debug|Any CPU.ActiveCfg = Debug|Any CPU
		{8F1DDA6E-62EE-4E40-AE41-4C46FFC286A6}.Debug|Any CPU.Build.0 = Debug|Any CPU
		{8F1DDA6E-62EE-4E40-AE41-4C46FFC286A6}.Debug|Any CPU.Deploy.0 = Debug|Any CPU
		{8F1DDA6E-62EE-4E40-AE41-4C46FFC286A6}.Debug|ARM.ActiveCfg = Debug|Any CPU
		{8F1DDA6E-62EE-4E40-AE41-4C46FFC286A6}.Debug|ARM.Build.0 = Debug|Any CPU
		{8F1DDA6E-62EE-4E40-AE41-4C46FFC286A6}.Debug|ARM.Deploy.0 = Debug|Any CPU
		{8F1DDA6E-62EE-4E40-AE41-4C46FFC286A6}.Debug|iPhone.ActiveCfg = Debug|Any CPU
		{8F1DDA6E-62EE-4E40-AE41-4C46FFC286A6}.Debug|iPhone.Build.0 = Debug|Any CPU
		{8F1DDA6E-62EE-4E40-AE41-4C46FFC286A6}.Debug|iPhone.Deploy.0 = Debug|Any CPU
		{8F1DDA6E-62EE-4E40-AE41-4C46FFC286A6}.Debug|iPhoneSimulator.ActiveCfg = Debug|Any CPU
		{8F1DDA6E-62EE-4E40-AE41-4C46FFC286A6}.Debug|iPhoneSimulator.Build.0 = Debug|Any CPU
		{8F1DDA6E-62EE-4E40-AE41-4C46FFC286A6}.Debug|iPhoneSimulator.Deploy.0 = Debug|Any CPU
		{8F1DDA6E-62EE-4E40-AE41-4C46FFC286A6}.Debug|x64.ActiveCfg = Debug|Any CPU
		{8F1DDA6E-62EE-4E40-AE41-4C46FFC286A6}.Debug|x64.Build.0 = Debug|Any CPU
		{8F1DDA6E-62EE-4E40-AE41-4C46FFC286A6}.Debug|x64.Deploy.0 = Debug|Any CPU
		{8F1DDA6E-62EE-4E40-AE41-4C46FFC286A6}.Debug|x86.ActiveCfg = Debug|Any CPU
		{8F1DDA6E-62EE-4E40-AE41-4C46FFC286A6}.Debug|x86.Build.0 = Debug|Any CPU
		{8F1DDA6E-62EE-4E40-AE41-4C46FFC286A6}.Debug|x86.Deploy.0 = Debug|Any CPU
		{8F1DDA6E-62EE-4E40-AE41-4C46FFC286A6}.Release|Any CPU.ActiveCfg = Release|Any CPU
		{8F1DDA6E-62EE-4E40-AE41-4C46FFC286A6}.Release|Any CPU.Build.0 = Release|Any CPU
		{8F1DDA6E-62EE-4E40-AE41-4C46FFC286A6}.Release|Any CPU.Deploy.0 = Release|Any CPU
		{8F1DDA6E-62EE-4E40-AE41-4C46FFC286A6}.Release|ARM.ActiveCfg = Release|Any CPU
		{8F1DDA6E-62EE-4E40-AE41-4C46FFC286A6}.Release|ARM.Build.0 = Release|Any CPU
		{8F1DDA6E-62EE-4E40-AE41-4C46FFC286A6}.Release|ARM.Deploy.0 = Release|Any CPU
		{8F1DDA6E-62EE-4E40-AE41-4C46FFC286A6}.Release|iPhone.ActiveCfg = Release|Any CPU
		{8F1DDA6E-62EE-4E40-AE41-4C46FFC286A6}.Release|iPhone.Build.0 = Release|Any CPU
		{8F1DDA6E-62EE-4E40-AE41-4C46FFC286A6}.Release|iPhone.Deploy.0 = Release|Any CPU
		{8F1DDA6E-62EE-4E40-AE41-4C46FFC286A6}.Release|iPhoneSimulator.ActiveCfg = Release|Any CPU
		{8F1DDA6E-62EE-4E40-AE41-4C46FFC286A6}.Release|iPhoneSimulator.Build.0 = Release|Any CPU
		{8F1DDA6E-62EE-4E40-AE41-4C46FFC286A6}.Release|iPhoneSimulator.Deploy.0 = Release|Any CPU
		{8F1DDA6E-62EE-4E40-AE41-4C46FFC286A6}.Release|x64.ActiveCfg = Release|Any CPU
		{8F1DDA6E-62EE-4E40-AE41-4C46FFC286A6}.Release|x64.Build.0 = Release|Any CPU
		{8F1DDA6E-62EE-4E40-AE41-4C46FFC286A6}.Release|x64.Deploy.0 = Release|Any CPU
		{8F1DDA6E-62EE-4E40-AE41-4C46FFC286A6}.Release|x86.ActiveCfg = Release|Any CPU
		{8F1DDA6E-62EE-4E40-AE41-4C46FFC286A6}.Release|x86.Build.0 = Release|Any CPU
		{8F1DDA6E-62EE-4E40-AE41-4C46FFC286A6}.Release|x86.Deploy.0 = Release|Any CPU
		{45766497-5FE0-4725-9A17-2AE9A8CAC917}.Ad-Hoc|Any CPU.ActiveCfg = Ad-Hoc|iPhoneSimulator
		{45766497-5FE0-4725-9A17-2AE9A8CAC917}.Ad-Hoc|ARM.ActiveCfg = Ad-Hoc|iPhone
		{45766497-5FE0-4725-9A17-2AE9A8CAC917}.Ad-Hoc|iPhone.ActiveCfg = Ad-Hoc|iPhone
		{45766497-5FE0-4725-9A17-2AE9A8CAC917}.Ad-Hoc|iPhone.Build.0 = Ad-Hoc|iPhone
		{45766497-5FE0-4725-9A17-2AE9A8CAC917}.Ad-Hoc|iPhoneSimulator.ActiveCfg = Ad-Hoc|iPhoneSimulator
		{45766497-5FE0-4725-9A17-2AE9A8CAC917}.Ad-Hoc|iPhoneSimulator.Build.0 = Ad-Hoc|iPhoneSimulator
		{45766497-5FE0-4725-9A17-2AE9A8CAC917}.Ad-Hoc|x64.ActiveCfg = Ad-Hoc|iPhone
		{45766497-5FE0-4725-9A17-2AE9A8CAC917}.Ad-Hoc|x86.ActiveCfg = Ad-Hoc|iPhone
		{45766497-5FE0-4725-9A17-2AE9A8CAC917}.AppStore|Any CPU.ActiveCfg = AppStore|iPhoneSimulator
		{45766497-5FE0-4725-9A17-2AE9A8CAC917}.AppStore|ARM.ActiveCfg = AppStore|iPhone
		{45766497-5FE0-4725-9A17-2AE9A8CAC917}.AppStore|iPhone.ActiveCfg = AppStore|iPhone
		{45766497-5FE0-4725-9A17-2AE9A8CAC917}.AppStore|iPhone.Build.0 = AppStore|iPhone
		{45766497-5FE0-4725-9A17-2AE9A8CAC917}.AppStore|iPhoneSimulator.ActiveCfg = AppStore|iPhoneSimulator
		{45766497-5FE0-4725-9A17-2AE9A8CAC917}.AppStore|iPhoneSimulator.Build.0 = AppStore|iPhoneSimulator
		{45766497-5FE0-4725-9A17-2AE9A8CAC917}.AppStore|x64.ActiveCfg = AppStore|iPhone
		{45766497-5FE0-4725-9A17-2AE9A8CAC917}.AppStore|x86.ActiveCfg = AppStore|iPhone
		{45766497-5FE0-4725-9A17-2AE9A8CAC917}.Debug|Any CPU.ActiveCfg = Debug|iPhoneSimulator
		{45766497-5FE0-4725-9A17-2AE9A8CAC917}.Debug|ARM.ActiveCfg = Debug|iPhone
		{45766497-5FE0-4725-9A17-2AE9A8CAC917}.Debug|iPhone.ActiveCfg = Debug|iPhone
		{45766497-5FE0-4725-9A17-2AE9A8CAC917}.Debug|iPhone.Build.0 = Debug|iPhone
		{45766497-5FE0-4725-9A17-2AE9A8CAC917}.Debug|iPhoneSimulator.ActiveCfg = Debug|iPhoneSimulator
		{45766497-5FE0-4725-9A17-2AE9A8CAC917}.Debug|iPhoneSimulator.Build.0 = Debug|iPhoneSimulator
		{45766497-5FE0-4725-9A17-2AE9A8CAC917}.Debug|x64.ActiveCfg = Debug|iPhone
		{45766497-5FE0-4725-9A17-2AE9A8CAC917}.Debug|x86.ActiveCfg = Debug|iPhone
		{45766497-5FE0-4725-9A17-2AE9A8CAC917}.Release|Any CPU.ActiveCfg = Release|iPhoneSimulator
		{45766497-5FE0-4725-9A17-2AE9A8CAC917}.Release|ARM.ActiveCfg = Release|iPhone
		{45766497-5FE0-4725-9A17-2AE9A8CAC917}.Release|iPhone.ActiveCfg = Release|iPhone
		{45766497-5FE0-4725-9A17-2AE9A8CAC917}.Release|iPhone.Build.0 = Release|iPhone
		{45766497-5FE0-4725-9A17-2AE9A8CAC917}.Release|iPhoneSimulator.ActiveCfg = Release|iPhoneSimulator
		{45766497-5FE0-4725-9A17-2AE9A8CAC917}.Release|iPhoneSimulator.Build.0 = Release|iPhoneSimulator
		{45766497-5FE0-4725-9A17-2AE9A8CAC917}.Release|x64.ActiveCfg = Release|iPhone
		{45766497-5FE0-4725-9A17-2AE9A8CAC917}.Release|x86.ActiveCfg = Release|iPhone
		{E2830D97-9EF9-43A2-A4ED-288D8FC147B8}.Ad-Hoc|Any CPU.ActiveCfg = Release|x86
		{E2830D97-9EF9-43A2-A4ED-288D8FC147B8}.Ad-Hoc|Any CPU.Build.0 = Release|x86
		{E2830D97-9EF9-43A2-A4ED-288D8FC147B8}.Ad-Hoc|Any CPU.Deploy.0 = Release|x86
		{E2830D97-9EF9-43A2-A4ED-288D8FC147B8}.Ad-Hoc|ARM.ActiveCfg = Release|ARM
		{E2830D97-9EF9-43A2-A4ED-288D8FC147B8}.Ad-Hoc|ARM.Build.0 = Release|ARM
		{E2830D97-9EF9-43A2-A4ED-288D8FC147B8}.Ad-Hoc|ARM.Deploy.0 = Release|ARM
		{E2830D97-9EF9-43A2-A4ED-288D8FC147B8}.Ad-Hoc|iPhone.ActiveCfg = Release|x86
		{E2830D97-9EF9-43A2-A4ED-288D8FC147B8}.Ad-Hoc|iPhone.Build.0 = Release|x86
		{E2830D97-9EF9-43A2-A4ED-288D8FC147B8}.Ad-Hoc|iPhone.Deploy.0 = Release|x86
		{E2830D97-9EF9-43A2-A4ED-288D8FC147B8}.Ad-Hoc|iPhoneSimulator.ActiveCfg = Release|x86
		{E2830D97-9EF9-43A2-A4ED-288D8FC147B8}.Ad-Hoc|iPhoneSimulator.Build.0 = Release|x86
		{E2830D97-9EF9-43A2-A4ED-288D8FC147B8}.Ad-Hoc|iPhoneSimulator.Deploy.0 = Release|x86
		{E2830D97-9EF9-43A2-A4ED-288D8FC147B8}.Ad-Hoc|x64.ActiveCfg = Release|x64
		{E2830D97-9EF9-43A2-A4ED-288D8FC147B8}.Ad-Hoc|x64.Build.0 = Release|x64
		{E2830D97-9EF9-43A2-A4ED-288D8FC147B8}.Ad-Hoc|x64.Deploy.0 = Release|x64
		{E2830D97-9EF9-43A2-A4ED-288D8FC147B8}.Ad-Hoc|x86.ActiveCfg = Release|x86
		{E2830D97-9EF9-43A2-A4ED-288D8FC147B8}.Ad-Hoc|x86.Build.0 = Release|x86
		{E2830D97-9EF9-43A2-A4ED-288D8FC147B8}.Ad-Hoc|x86.Deploy.0 = Release|x86
		{E2830D97-9EF9-43A2-A4ED-288D8FC147B8}.AppStore|Any CPU.ActiveCfg = Release|x86
		{E2830D97-9EF9-43A2-A4ED-288D8FC147B8}.AppStore|Any CPU.Build.0 = Release|x86
		{E2830D97-9EF9-43A2-A4ED-288D8FC147B8}.AppStore|Any CPU.Deploy.0 = Release|x86
		{E2830D97-9EF9-43A2-A4ED-288D8FC147B8}.AppStore|ARM.ActiveCfg = Release|ARM
		{E2830D97-9EF9-43A2-A4ED-288D8FC147B8}.AppStore|ARM.Build.0 = Release|ARM
		{E2830D97-9EF9-43A2-A4ED-288D8FC147B8}.AppStore|ARM.Deploy.0 = Release|ARM
		{E2830D97-9EF9-43A2-A4ED-288D8FC147B8}.AppStore|iPhone.ActiveCfg = Release|x86
		{E2830D97-9EF9-43A2-A4ED-288D8FC147B8}.AppStore|iPhone.Build.0 = Release|x86
		{E2830D97-9EF9-43A2-A4ED-288D8FC147B8}.AppStore|iPhone.Deploy.0 = Release|x86
		{E2830D97-9EF9-43A2-A4ED-288D8FC147B8}.AppStore|iPhoneSimulator.ActiveCfg = Release|x86
		{E2830D97-9EF9-43A2-A4ED-288D8FC147B8}.AppStore|iPhoneSimulator.Build.0 = Release|x86
		{E2830D97-9EF9-43A2-A4ED-288D8FC147B8}.AppStore|iPhoneSimulator.Deploy.0 = Release|x86
		{E2830D97-9EF9-43A2-A4ED-288D8FC147B8}.AppStore|x64.ActiveCfg = Release|x64
		{E2830D97-9EF9-43A2-A4ED-288D8FC147B8}.AppStore|x64.Build.0 = Release|x64
		{E2830D97-9EF9-43A2-A4ED-288D8FC147B8}.AppStore|x64.Deploy.0 = Release|x64
		{E2830D97-9EF9-43A2-A4ED-288D8FC147B8}.AppStore|x86.ActiveCfg = Release|x86
		{E2830D97-9EF9-43A2-A4ED-288D8FC147B8}.AppStore|x86.Build.0 = Release|x86
		{E2830D97-9EF9-43A2-A4ED-288D8FC147B8}.AppStore|x86.Deploy.0 = Release|x86
		{E2830D97-9EF9-43A2-A4ED-288D8FC147B8}.Debug|Any CPU.ActiveCfg = Debug|x86
		{E2830D97-9EF9-43A2-A4ED-288D8FC147B8}.Debug|ARM.ActiveCfg = Debug|ARM
		{E2830D97-9EF9-43A2-A4ED-288D8FC147B8}.Debug|ARM.Build.0 = Debug|ARM
		{E2830D97-9EF9-43A2-A4ED-288D8FC147B8}.Debug|ARM.Deploy.0 = Debug|ARM
		{E2830D97-9EF9-43A2-A4ED-288D8FC147B8}.Debug|iPhone.ActiveCfg = Debug|x86
		{E2830D97-9EF9-43A2-A4ED-288D8FC147B8}.Debug|iPhoneSimulator.ActiveCfg = Debug|x86
		{E2830D97-9EF9-43A2-A4ED-288D8FC147B8}.Debug|x64.ActiveCfg = Debug|x64
		{E2830D97-9EF9-43A2-A4ED-288D8FC147B8}.Debug|x64.Build.0 = Debug|x64
		{E2830D97-9EF9-43A2-A4ED-288D8FC147B8}.Debug|x64.Deploy.0 = Debug|x64
		{E2830D97-9EF9-43A2-A4ED-288D8FC147B8}.Debug|x86.ActiveCfg = Debug|x86
		{E2830D97-9EF9-43A2-A4ED-288D8FC147B8}.Debug|x86.Build.0 = Debug|x86
		{E2830D97-9EF9-43A2-A4ED-288D8FC147B8}.Debug|x86.Deploy.0 = Debug|x86
		{E2830D97-9EF9-43A2-A4ED-288D8FC147B8}.Release|Any CPU.ActiveCfg = Release|x86
		{E2830D97-9EF9-43A2-A4ED-288D8FC147B8}.Release|ARM.ActiveCfg = Release|ARM
		{E2830D97-9EF9-43A2-A4ED-288D8FC147B8}.Release|ARM.Build.0 = Release|ARM
		{E2830D97-9EF9-43A2-A4ED-288D8FC147B8}.Release|ARM.Deploy.0 = Release|ARM
		{E2830D97-9EF9-43A2-A4ED-288D8FC147B8}.Release|iPhone.ActiveCfg = Release|x86
		{E2830D97-9EF9-43A2-A4ED-288D8FC147B8}.Release|iPhoneSimulator.ActiveCfg = Release|x86
		{E2830D97-9EF9-43A2-A4ED-288D8FC147B8}.Release|x64.ActiveCfg = Release|x64
		{E2830D97-9EF9-43A2-A4ED-288D8FC147B8}.Release|x64.Build.0 = Release|x64
		{E2830D97-9EF9-43A2-A4ED-288D8FC147B8}.Release|x64.Deploy.0 = Release|x64
		{E2830D97-9EF9-43A2-A4ED-288D8FC147B8}.Release|x86.ActiveCfg = Release|x86
		{E2830D97-9EF9-43A2-A4ED-288D8FC147B8}.Release|x86.Build.0 = Release|x86
		{E2830D97-9EF9-43A2-A4ED-288D8FC147B8}.Release|x86.Deploy.0 = Release|x86
	EndGlobalSection
	GlobalSection(SolutionProperties) = preSolution
		HideSolutionNode = FALSE
	EndGlobalSection
	GlobalSection(ExtensibilityGlobals) = postSolution
		SolutionGuid = {94AA0CE5-ED7F-4E73-958A-5C329C886980}
	EndGlobalSection
EndGlobal
